
Microsoft Visual Studio Solution File, Format Version 12.00
# Visual Studio Version 17
VisualStudioVersion = 17.8.34316.72
MinimumVisualStudioVersion = 10.0.40219.1
Project("{2150E333-8FDC-42A3-9474-1A3956D46DE8}") = "API", "API", "{9B590C81-8A88-4E57-AFB8-28F0596BE085}"
EndProject
Project("{2150E333-8FDC-42A3-9474-1A3956D46DE8}") = "Services", "Services", "{225BDB28-05F3-4CE9-B2DB-23AECC5DB2B6}"
EndProject
Project("{2150E333-8FDC-42A3-9474-1A3956D46DE8}") = "Solution Items", "Solution Items", "{F14EBF15-DEF8-443C-8579-012E4FE6F1CA}"
	ProjectSection(SolutionItems) = preProject
		Project.pgproject = Project.pgproject
	EndProjectSection
EndProject
Project("{9A19103F-16F7-4668-BE54-9A1E7A4F7556}") = "Foompany.Services.UI.BlazorApp", "Services\Foompany.Services.UI.BlazorApp\Foompany.Services.UI.BlazorApp.csproj", "{3FC1AD20-3C55-4CFE-82FB-2251EA6C7881}"
EndProject
Project("{9A19103F-16F7-4668-BE54-9A1E7A4F7556}") = "Foompany.Services.Backend.API", "API\Foompany.Services.Backend.API\Foompany.Services.Backend.API.csproj", "{5ED3FAB9-C8BC-474D-BD88-91CB590B33DE}"
EndProject
Project("{9A19103F-16F7-4668-BE54-9A1E7A4F7556}") = "Foompany.Services.Backend", "Services\Foompany.Services.Backend\Foompany.Services.Backend.csproj", "{9D70064B-FE50-4C8F-B1F7-015FADCC9073}"
EndProject
Project("{9A19103F-16F7-4668-BE54-9A1E7A4F7556}") = "Foompany.Services.UI.BlazorApp.Client", "Services\Foompany.Services.UI.BlazorApp.Client\Foompany.Services.UI.BlazorApp.Client.csproj", "{6B300082-E77D-4E65-9AC7-B7BE8DC481B4}"
EndProject
Global
	GlobalSection(SolutionConfigurationPlatforms) = preSolution
		Debug|Any CPU = Debug|Any CPU
		Release|Any CPU = Release|Any CPU
	EndGlobalSection
	GlobalSection(ProjectConfigurationPlatforms) = postSolution
		{3FC1AD20-3C55-4CFE-82FB-2251EA6C7881}.Debug|Any CPU.ActiveCfg = Debug|Any CPU
		{3FC1AD20-3C55-4CFE-82FB-2251EA6C7881}.Debug|Any CPU.Build.0 = Debug|Any CPU
		{3FC1AD20-3C55-4CFE-82FB-2251EA6C7881}.Release|Any CPU.ActiveCfg = Release|Any CPU
		{3FC1AD20-3C55-4CFE-82FB-2251EA6C7881}.Release|Any CPU.Build.0 = Release|Any CPU
		{5ED3FAB9-C8BC-474D-BD88-91CB590B33DE}.Debug|Any CPU.ActiveCfg = Debug|Any CPU
		{5ED3FAB9-C8BC-474D-BD88-91CB590B33DE}.Debug|Any CPU.Build.0 = Debug|Any CPU
		{5ED3FAB9-C8BC-474D-BD88-91CB590B33DE}.Release|Any CPU.ActiveCfg = Release|Any CPU
		{5ED3FAB9-C8BC-474D-BD88-91CB590B33DE}.Release|Any CPU.Build.0 = Release|Any CPU
		{9D70064B-FE50-4C8F-B1F7-015FADCC9073}.Debug|Any CPU.ActiveCfg = Debug|Any CPU
		{9D70064B-FE50-4C8F-B1F7-015FADCC9073}.Debug|Any CPU.Build.0 = Debug|Any CPU
		{9D70064B-FE50-4C8F-B1F7-015FADCC9073}.Release|Any CPU.ActiveCfg = Release|Any CPU
		{9D70064B-FE50-4C8F-B1F7-015FADCC9073}.Release|Any CPU.Build.0 = Release|Any CPU
		{6B300082-E77D-4E65-9AC7-B7BE8DC481B4}.Debug|Any CPU.ActiveCfg = Debug|Any CPU
		{6B300082-E77D-4E65-9AC7-B7BE8DC481B4}.Debug|Any CPU.Build.0 = Debug|Any CPU
		{6B300082-E77D-4E65-9AC7-B7BE8DC481B4}.Release|Any CPU.ActiveCfg = Release|Any CPU
		{6B300082-E77D-4E65-9AC7-B7BE8DC481B4}.Release|Any CPU.Build.0 = Release|Any CPU
	EndGlobalSection
	GlobalSection(SolutionProperties) = preSolution
		HideSolutionNode = FALSE
	EndGlobalSection
	GlobalSection(NestedProjects) = preSolution
		{3FC1AD20-3C55-4CFE-82FB-2251EA6C7881} = {225BDB28-05F3-4CE9-B2DB-23AECC5DB2B6}
		{5ED3FAB9-C8BC-474D-BD88-91CB590B33DE} = {9B590C81-8A88-4E57-AFB8-28F0596BE085}
		{9D70064B-FE50-4C8F-B1F7-015FADCC9073} = {225BDB28-05F3-4CE9-B2DB-23AECC5DB2B6}
		{6B300082-E77D-4E65-9AC7-B7BE8DC481B4} = {225BDB28-05F3-4CE9-B2DB-23AECC5DB2B6}
	EndGlobalSection
	GlobalSection(ExtensibilityGlobals) = postSolution
		SolutionGuid = {3AEBB254-FF1E-4C67-92B2-F6C7F253C175}
	EndGlobalSection
EndGlobal
