
Microsoft Visual Studio Solution File, Format Version 12.00
# Visual Studio Version 16
VisualStudioVersion = 16.0.29306.81
MinimumVisualStudioVersion = 10.0.40219.1
Project("{2150E333-8FDC-42A3-9474-1A3956D46DE8}") = "API", "API", "{9B590C81-8A88-4E57-AFB8-28F0596BE085}"
EndProject
Project("{2150E333-8FDC-42A3-9474-1A3956D46DE8}") = "Services", "Services", "{225BDB28-05F3-4CE9-B2DB-23AECC5DB2B6}"
	ProjectSection(SolutionItems) = preProject
		Project.pgproject = Project.pgproject
	EndProjectSection
EndProject
Project("{9A19103F-16F7-4668-BE54-9A1E7A4F7556}") = "Foompany.Services.API.ChatService", "API\Foompany.Services.API.ChatService\Foompany.Services.API.ChatService.csproj", "{68DBB1F0-9595-4519-A240-A29E436D3E6F}"
EndProject
Project("{9A19103F-16F7-4668-BE54-9A1E7A4F7556}") = "Foompany.Services.ChatService", "Services\Foompany.Services.ChatService\Foompany.Services.ChatService.csproj", "{B80B62C9-7B26-4B57-9566-B9314426D8B9}"
EndProject
Project("{2150E333-8FDC-42A3-9474-1A3956D46DE8}") = "SampleClients", "SampleClients", "{7D6EB8D5-191C-4285-A89F-0090A1C6FCA5}"
EndProject
Project("{2150E333-8FDC-42A3-9474-1A3956D46DE8}") = "CSharp", "CSharp", "{E0D4A1E3-FB61-4046-9EB2-DDB91AE7DA37}"
EndProject
Project("{9A19103F-16F7-4668-BE54-9A1E7A4F7556}") = "DesktopAppClient", "SampleClients\CSharp\DesktopAppClient.csproj", "{D1A4B04B-45A1-4B43-B1C7-DB01194820AA}"
EndProject
Project("{2150E333-8FDC-42A3-9474-1A3956D46DE8}") = "Python", "Python", "{BA4D7137-67A9-45E8-8A85-6C30A7A4B8EB}"
	ProjectSection(SolutionItems) = preProject
		SampleClients\Python\client.py = SampleClients\Python\client.py
	EndProjectSection
EndProject
Project("{2150E333-8FDC-42A3-9474-1A3956D46DE8}") = "Java", "Java", "{44ECCE44-61E8-491C-BDAE-5D87850161D3}"
	ProjectSection(SolutionItems) = preProject
		SampleClients\Java\src\main\java\App.java = SampleClients\Java\src\main\java\App.java
		SampleClients\Java\src\main\java\MessageRequest.java = SampleClients\Java\src\main\java\MessageRequest.java
		SampleClients\Java\src\main\java\MessageResponse.java = SampleClients\Java\src\main\java\MessageResponse.java
		SampleClients\Java\src\main\java\RegistrationRequestDto.java = SampleClients\Java\src\main\java\RegistrationRequestDto.java
	EndProjectSection
EndProject
Global
	GlobalSection(SolutionConfigurationPlatforms) = preSolution
		Debug|Any CPU = Debug|Any CPU
		Release|Any CPU = Release|Any CPU
	EndGlobalSection
	GlobalSection(ProjectConfigurationPlatforms) = postSolution
		{68DBB1F0-9595-4519-A240-A29E436D3E6F}.Debug|Any CPU.ActiveCfg = Debug|Any CPU
		{68DBB1F0-9595-4519-A240-A29E436D3E6F}.Debug|Any CPU.Build.0 = Debug|Any CPU
		{68DBB1F0-9595-4519-A240-A29E436D3E6F}.Release|Any CPU.ActiveCfg = Release|Any CPU
		{68DBB1F0-9595-4519-A240-A29E436D3E6F}.Release|Any CPU.Build.0 = Release|Any CPU
		{B80B62C9-7B26-4B57-9566-B9314426D8B9}.Debug|Any CPU.ActiveCfg = Debug|Any CPU
		{B80B62C9-7B26-4B57-9566-B9314426D8B9}.Debug|Any CPU.Build.0 = Debug|Any CPU
		{B80B62C9-7B26-4B57-9566-B9314426D8B9}.Release|Any CPU.ActiveCfg = Release|Any CPU
		{B80B62C9-7B26-4B57-9566-B9314426D8B9}.Release|Any CPU.Build.0 = Release|Any CPU
		{D1A4B04B-45A1-4B43-B1C7-DB01194820AA}.Debug|Any CPU.ActiveCfg = Debug|Any CPU
		{D1A4B04B-45A1-4B43-B1C7-DB01194820AA}.Debug|Any CPU.Build.0 = Debug|Any CPU
		{D1A4B04B-45A1-4B43-B1C7-DB01194820AA}.Release|Any CPU.ActiveCfg = Release|Any CPU
		{D1A4B04B-45A1-4B43-B1C7-DB01194820AA}.Release|Any CPU.Build.0 = Release|Any CPU
	EndGlobalSection
	GlobalSection(SolutionProperties) = preSolution
		HideSolutionNode = FALSE
	EndGlobalSection
	GlobalSection(NestedProjects) = preSolution
		{68DBB1F0-9595-4519-A240-A29E436D3E6F} = {9B590C81-8A88-4E57-AFB8-28F0596BE085}
		{B80B62C9-7B26-4B57-9566-B9314426D8B9} = {225BDB28-05F3-4CE9-B2DB-23AECC5DB2B6}
		{E0D4A1E3-FB61-4046-9EB2-DDB91AE7DA37} = {7D6EB8D5-191C-4285-A89F-0090A1C6FCA5}
		{D1A4B04B-45A1-4B43-B1C7-DB01194820AA} = {E0D4A1E3-FB61-4046-9EB2-DDB91AE7DA37}
		{BA4D7137-67A9-45E8-8A85-6C30A7A4B8EB} = {7D6EB8D5-191C-4285-A89F-0090A1C6FCA5}
		{44ECCE44-61E8-491C-BDAE-5D87850161D3} = {7D6EB8D5-191C-4285-A89F-0090A1C6FCA5}
	EndGlobalSection
	GlobalSection(ExtensibilityGlobals) = postSolution
		SolutionGuid = {3AEBB254-FF1E-4C67-92B2-F6C7F253C175}
	EndGlobalSection
EndGlobal
