
Microsoft Visual Studio Solution File, Format Version 12.00
# Visual Studio Version 16
VisualStudioVersion = 16.0.29306.81
MinimumVisualStudioVersion = 10.0.40219.1
Project("{2150E333-8FDC-42A3-9474-1A3956D46DE8}") = "API", "API", "{9B590C81-8A88-4E57-AFB8-28F0596BE085}"
EndProject
Project("{2150E333-8FDC-42A3-9474-1A3956D46DE8}") = "Services", "Services", "{225BDB28-05F3-4CE9-B2DB-23AECC5DB2B6}"
	ProjectSection(SolutionItems) = preProject
		Project.pgproject = Project.pgproject
	EndProjectSection
EndProject
Project("{9A19103F-16F7-4668-BE54-9A1E7A4F7556}") = "Foompany.Services.API.ChatService", "API\Foompany.Services.API.ChatService\Foompany.Services.API.ChatService.csproj", "{68DBB1F0-9595-4519-A240-A29E436D3E6F}"
EndProject
Project("{9A19103F-16F7-4668-BE54-9A1E7A4F7556}") = "Foompany.Services.ChatService", "Services\Foompany.Services.ChatService\Foompany.Services.ChatService.csproj", "{B80B62C9-7B26-4B57-9566-B9314426D8B9}"
EndProject
Project("{2150E333-8FDC-42A3-9474-1A3956D46DE8}") = "DesktopAppClient", "DesktopAppClient", "{68FBA5CB-2685-4DC9-B8DA-7B1238C5F539}"
EndProject
Project("{9A19103F-16F7-4668-BE54-9A1E7A4F7556}") = "DesktopAppClient", "DesktopAppClient\DesktopAppClient.csproj", "{082581DA-A3FA-464B-829B-93A8438B5E99}"
EndProject
Global
	GlobalSection(SolutionConfigurationPlatforms) = preSolution
		Debug|Any CPU = Debug|Any CPU
		Release|Any CPU = Release|Any CPU
	EndGlobalSection
	GlobalSection(ProjectConfigurationPlatforms) = postSolution
		{68DBB1F0-9595-4519-A240-A29E436D3E6F}.Debug|Any CPU.ActiveCfg = Debug|Any CPU
		{68DBB1F0-9595-4519-A240-A29E436D3E6F}.Debug|Any CPU.Build.0 = Debug|Any CPU
		{68DBB1F0-9595-4519-A240-A29E436D3E6F}.Release|Any CPU.ActiveCfg = Release|Any CPU
		{68DBB1F0-9595-4519-A240-A29E436D3E6F}.Release|Any CPU.Build.0 = Release|Any CPU
		{B80B62C9-7B26-4B57-9566-B9314426D8B9}.Debug|Any CPU.ActiveCfg = Debug|Any CPU
		{B80B62C9-7B26-4B57-9566-B9314426D8B9}.Debug|Any CPU.Build.0 = Debug|Any CPU
		{B80B62C9-7B26-4B57-9566-B9314426D8B9}.Release|Any CPU.ActiveCfg = Release|Any CPU
		{B80B62C9-7B26-4B57-9566-B9314426D8B9}.Release|Any CPU.Build.0 = Release|Any CPU
		{082581DA-A3FA-464B-829B-93A8438B5E99}.Debug|Any CPU.ActiveCfg = Debug|Any CPU
		{082581DA-A3FA-464B-829B-93A8438B5E99}.Debug|Any CPU.Build.0 = Debug|Any CPU
		{082581DA-A3FA-464B-829B-93A8438B5E99}.Release|Any CPU.ActiveCfg = Release|Any CPU
		{082581DA-A3FA-464B-829B-93A8438B5E99}.Release|Any CPU.Build.0 = Release|Any CPU
	EndGlobalSection
	GlobalSection(SolutionProperties) = preSolution
		HideSolutionNode = FALSE
	EndGlobalSection
	GlobalSection(NestedProjects) = preSolution
		{68DBB1F0-9595-4519-A240-A29E436D3E6F} = {9B590C81-8A88-4E57-AFB8-28F0596BE085}
		{B80B62C9-7B26-4B57-9566-B9314426D8B9} = {225BDB28-05F3-4CE9-B2DB-23AECC5DB2B6}
		{082581DA-A3FA-464B-829B-93A8438B5E99} = {68FBA5CB-2685-4DC9-B8DA-7B1238C5F539}
	EndGlobalSection
	GlobalSection(ExtensibilityGlobals) = postSolution
		SolutionGuid = {3AEBB254-FF1E-4C67-92B2-F6C7F253C175}
	EndGlobalSection
EndGlobal
