
Microsoft Visual Studio Solution File, Format Version 12.00
# Visual Studio Version 16
VisualStudioVersion = 16.0.29306.81
MinimumVisualStudioVersion = 10.0.40219.1
Project("{9A19103F-16F7-4668-BE54-9A1E7A4F7556}") = "Foompany.Services.SampleService1", "Services\Foompany.Services.SampleService1\Foompany.Services.SampleService1.csproj", "{5DBC60B9-7661-41FF-9A88-E4A64167FDCD}"
EndProject
Project("{2150E333-8FDC-42A3-9474-1A3956D46DE8}") = "API", "API", "{9B590C81-8A88-4E57-AFB8-28F0596BE085}"
EndProject
Project("{2150E333-8FDC-42A3-9474-1A3956D46DE8}") = "Services", "Services", "{225BDB28-05F3-4CE9-B2DB-23AECC5DB2B6}"
	ProjectSection(SolutionItems) = preProject
		Project.pgproj = Project.pgproj
	EndProjectSection
EndProject
Project("{9A19103F-16F7-4668-BE54-9A1E7A4F7556}") = "Foompany.Services.API.SampleService1", "API\Foompany.Services.API.SampleService1\Foompany.Services.API.SampleService1.csproj", "{5B23BDE8-45A9-427B-BBCC-6687942BF081}"
EndProject
Project("{9A19103F-16F7-4668-BE54-9A1E7A4F7556}") = "Foompany.Services.API.SampleService2", "API\Foompany.Services.API.SampleService2\Foompany.Services.API.SampleService2.csproj", "{7E4C5E39-349C-4E21-B4B6-91CCCFE14BAE}"
EndProject
Project("{9A19103F-16F7-4668-BE54-9A1E7A4F7556}") = "Foompany.Services.SampleService2", "Services\Foompany.Services.SampleService2\Foompany.Services.SampleService2.csproj", "{5DA7766F-E5AA-4505-8FD7-4525FC4501C3}"
EndProject
Project("{9A19103F-16F7-4668-BE54-9A1E7A4F7556}") = "Foompany.Services.API.DataModels", "API\Foompany.Services.API.DataModels\Foompany.Services.API.DataModels.csproj", "{D7E2EFA4-AF78-42CD-B479-71A9F88B7DFA}"
EndProject
Project("{2150E333-8FDC-42A3-9474-1A3956D46DE8}") = "SystemTests", "SystemTests", "{2E3C5912-03A8-45B2-83F3-20CE75CE8436}"
EndProject
Project("{9A19103F-16F7-4668-BE54-9A1E7A4F7556}") = "BasicTests", "SystemTests\BasicTests\BasicTests.csproj", "{551F685F-15AD-4679-BC56-0FCE4AEBC00F}"
EndProject
Project("{2150E333-8FDC-42A3-9474-1A3956D46DE8}") = "UnitTests", "UnitTests", "{7478B0C5-2E53-4EA2-959C-1C514F28F020}"
EndProject
Project("{9A19103F-16F7-4668-BE54-9A1E7A4F7556}") = "Foompany.Services.SampleService1.Tests", "UnitTests\Foompany.Services.SampleService1.Tests\Foompany.Services.SampleService1.Tests.csproj", "{F70503C5-69CA-4112-8523-ADB8E2C47450}"
EndProject
Project("{9A19103F-16F7-4668-BE54-9A1E7A4F7556}") = "Foompany.Services.SampleService2.Tests", "UnitTests\Foompany.Services.SampleService2.Tests\Foompany.Services.SampleService2.Tests.csproj", "{85B575C1-3B2A-4162-A57A-E38A0B68B221}"
EndProject
Global
	GlobalSection(SolutionConfigurationPlatforms) = preSolution
		Debug|Any CPU = Debug|Any CPU
		Release|Any CPU = Release|Any CPU
	EndGlobalSection
	GlobalSection(ProjectConfigurationPlatforms) = postSolution
		{5DBC60B9-7661-41FF-9A88-E4A64167FDCD}.Debug|Any CPU.ActiveCfg = Debug|Any CPU
		{5DBC60B9-7661-41FF-9A88-E4A64167FDCD}.Debug|Any CPU.Build.0 = Debug|Any CPU
		{5DBC60B9-7661-41FF-9A88-E4A64167FDCD}.Release|Any CPU.ActiveCfg = Release|Any CPU
		{5DBC60B9-7661-41FF-9A88-E4A64167FDCD}.Release|Any CPU.Build.0 = Release|Any CPU
		{5B23BDE8-45A9-427B-BBCC-6687942BF081}.Debug|Any CPU.ActiveCfg = Debug|Any CPU
		{5B23BDE8-45A9-427B-BBCC-6687942BF081}.Debug|Any CPU.Build.0 = Debug|Any CPU
		{5B23BDE8-45A9-427B-BBCC-6687942BF081}.Release|Any CPU.ActiveCfg = Release|Any CPU
		{5B23BDE8-45A9-427B-BBCC-6687942BF081}.Release|Any CPU.Build.0 = Release|Any CPU
		{7E4C5E39-349C-4E21-B4B6-91CCCFE14BAE}.Debug|Any CPU.ActiveCfg = Debug|Any CPU
		{7E4C5E39-349C-4E21-B4B6-91CCCFE14BAE}.Debug|Any CPU.Build.0 = Debug|Any CPU
		{7E4C5E39-349C-4E21-B4B6-91CCCFE14BAE}.Release|Any CPU.ActiveCfg = Release|Any CPU
		{7E4C5E39-349C-4E21-B4B6-91CCCFE14BAE}.Release|Any CPU.Build.0 = Release|Any CPU
		{5DA7766F-E5AA-4505-8FD7-4525FC4501C3}.Debug|Any CPU.ActiveCfg = Debug|Any CPU
		{5DA7766F-E5AA-4505-8FD7-4525FC4501C3}.Debug|Any CPU.Build.0 = Debug|Any CPU
		{5DA7766F-E5AA-4505-8FD7-4525FC4501C3}.Release|Any CPU.ActiveCfg = Release|Any CPU
		{5DA7766F-E5AA-4505-8FD7-4525FC4501C3}.Release|Any CPU.Build.0 = Release|Any CPU
		{D7E2EFA4-AF78-42CD-B479-71A9F88B7DFA}.Debug|Any CPU.ActiveCfg = Debug|Any CPU
		{D7E2EFA4-AF78-42CD-B479-71A9F88B7DFA}.Debug|Any CPU.Build.0 = Debug|Any CPU
		{D7E2EFA4-AF78-42CD-B479-71A9F88B7DFA}.Release|Any CPU.ActiveCfg = Release|Any CPU
		{D7E2EFA4-AF78-42CD-B479-71A9F88B7DFA}.Release|Any CPU.Build.0 = Release|Any CPU
		{551F685F-15AD-4679-BC56-0FCE4AEBC00F}.Debug|Any CPU.ActiveCfg = Debug|Any CPU
		{551F685F-15AD-4679-BC56-0FCE4AEBC00F}.Debug|Any CPU.Build.0 = Debug|Any CPU
		{551F685F-15AD-4679-BC56-0FCE4AEBC00F}.Release|Any CPU.ActiveCfg = Release|Any CPU
		{551F685F-15AD-4679-BC56-0FCE4AEBC00F}.Release|Any CPU.Build.0 = Release|Any CPU
		{F70503C5-69CA-4112-8523-ADB8E2C47450}.Debug|Any CPU.ActiveCfg = Debug|Any CPU
		{F70503C5-69CA-4112-8523-ADB8E2C47450}.Debug|Any CPU.Build.0 = Debug|Any CPU
		{F70503C5-69CA-4112-8523-ADB8E2C47450}.Release|Any CPU.ActiveCfg = Release|Any CPU
		{F70503C5-69CA-4112-8523-ADB8E2C47450}.Release|Any CPU.Build.0 = Release|Any CPU
		{85B575C1-3B2A-4162-A57A-E38A0B68B221}.Debug|Any CPU.ActiveCfg = Debug|Any CPU
		{85B575C1-3B2A-4162-A57A-E38A0B68B221}.Debug|Any CPU.Build.0 = Debug|Any CPU
		{85B575C1-3B2A-4162-A57A-E38A0B68B221}.Release|Any CPU.ActiveCfg = Release|Any CPU
		{85B575C1-3B2A-4162-A57A-E38A0B68B221}.Release|Any CPU.Build.0 = Release|Any CPU
	EndGlobalSection
	GlobalSection(SolutionProperties) = preSolution
		HideSolutionNode = FALSE
	EndGlobalSection
	GlobalSection(NestedProjects) = preSolution
		{5DBC60B9-7661-41FF-9A88-E4A64167FDCD} = {225BDB28-05F3-4CE9-B2DB-23AECC5DB2B6}
		{5B23BDE8-45A9-427B-BBCC-6687942BF081} = {9B590C81-8A88-4E57-AFB8-28F0596BE085}
		{7E4C5E39-349C-4E21-B4B6-91CCCFE14BAE} = {9B590C81-8A88-4E57-AFB8-28F0596BE085}
		{5DA7766F-E5AA-4505-8FD7-4525FC4501C3} = {225BDB28-05F3-4CE9-B2DB-23AECC5DB2B6}
		{D7E2EFA4-AF78-42CD-B479-71A9F88B7DFA} = {9B590C81-8A88-4E57-AFB8-28F0596BE085}
		{551F685F-15AD-4679-BC56-0FCE4AEBC00F} = {2E3C5912-03A8-45B2-83F3-20CE75CE8436}
		{F70503C5-69CA-4112-8523-ADB8E2C47450} = {7478B0C5-2E53-4EA2-959C-1C514F28F020}
		{85B575C1-3B2A-4162-A57A-E38A0B68B221} = {7478B0C5-2E53-4EA2-959C-1C514F28F020}
	EndGlobalSection
	GlobalSection(ExtensibilityGlobals) = postSolution
		SolutionGuid = {3AEBB254-FF1E-4C67-92B2-F6C7F253C175}
	EndGlobalSection
EndGlobal
